
Microsoft Visual Studio Solution File, Format Version 12.00
# Visual Studio Version 16
VisualStudioVersion = 25.0.1706.10
MinimumVisualStudioVersion = 10.0.40219.1
Project("{FAE04EC0-301F-11D3-BF4B-00C04F79EFBC}") = "Product Inventory", "Product Inventory\Product Inventory.csproj", "{7E9B99EA-5118-4819-A764-AE7DDA84E88F}"
EndProject
Global
	GlobalSection(SolutionConfigurationPlatforms) = preSolution
		Debug|Any CPU = Debug|Any CPU
		Release|Any CPU = Release|Any CPU
	EndGlobalSection
	GlobalSection(ProjectConfigurationPlatforms) = postSolution
		{7E9B99EA-5118-4819-A764-AE7DDA84E88F}.Debug|Any CPU.ActiveCfg = Debug|Any CPU
		{7E9B99EA-5118-4819-A764-AE7DDA84E88F}.Debug|Any CPU.Build.0 = Debug|Any CPU
		{7E9B99EA-5118-4819-A764-AE7DDA84E88F}.Release|Any CPU.ActiveCfg = Release|Any CPU
		{7E9B99EA-5118-4819-A764-AE7DDA84E88F}.Release|Any CPU.Build.0 = Release|Any CPU
	EndGlobalSection
	GlobalSection(SolutionProperties) = preSolution
		HideSolutionNode = FALSE
	EndGlobalSection
	GlobalSection(ExtensibilityGlobals) = postSolution
		SolutionGuid = {A9066344-A2F2-4DEE-8DED-0101C28596A4}
	EndGlobalSection
EndGlobal
